// !$*UTF8*$!
{
	archiveVersion = 1;
	classes = {
	};
	objectVersion = 56;
	objects = {

/* Begin PBXBuildFile section */
		A80FEBBB2ACAB61000C48A92 /* Router.swift in Sources */ = {isa = PBXBuildFile; fileRef = A80FEBBA2ACAB61000C48A92 /* Router.swift */; };
		A80FEBBF2ACAB79500C48A92 /* HomeScreen.swift in Sources */ = {isa = PBXBuildFile; fileRef = A80FEBBE2ACAB79500C48A92 /* HomeScreen.swift */; };
		A80FEBC12ACAB9E700C48A92 /* ProgressScreen.swift in Sources */ = {isa = PBXBuildFile; fileRef = A80FEBC02ACAB9E700C48A92 /* ProgressScreen.swift */; };
		A80FEBC32ACAB9F200C48A92 /* SettingScreen.swift in Sources */ = {isa = PBXBuildFile; fileRef = A80FEBC22ACAB9F200C48A92 /* SettingScreen.swift */; };
		A80FEBC72ACABA9400C48A92 /* AuthScreen.swift in Sources */ = {isa = PBXBuildFile; fileRef = A80FEBC62ACABA9400C48A92 /* AuthScreen.swift */; };
		A80FEBCA2ACABEAA00C48A92 /* DateFilterView.swift in Sources */ = {isa = PBXBuildFile; fileRef = A80FEBC92ACABEAA00C48A92 /* DateFilterView.swift */; };
		A80FEBCC2ACAC16500C48A92 /* HabitCellView.swift in Sources */ = {isa = PBXBuildFile; fileRef = A80FEBCB2ACAC16500C48A92 /* HabitCellView.swift */; };
		A80FEBD02ACAD00D00C48A92 /* AddHabitScreen.swift in Sources */ = {isa = PBXBuildFile; fileRef = A80FEBCF2ACAD00D00C48A92 /* AddHabitScreen.swift */; };
		A80FEBD22ACADD9500C48A92 /* Theme.swift in Sources */ = {isa = PBXBuildFile; fileRef = A80FEBD12ACADD9500C48A92 /* Theme.swift */; };
		A80FEBD72ACAE5B900C48A92 /* HabitModel.swift in Sources */ = {isa = PBXBuildFile; fileRef = A80FEBD62ACAE5B900C48A92 /* HabitModel.swift */; };
		A80FEBDA2ACAE6C000C48A92 /* Appwrite in Frameworks */ = {isa = PBXBuildFile; productRef = A80FEBD92ACAE6C000C48A92 /* Appwrite */; };
		A80FEBDE2ACAEB0200C48A92 /* AppwriteService.swift in Sources */ = {isa = PBXBuildFile; fileRef = A80FEBDD2ACAEB0200C48A92 /* AppwriteService.swift */; };
		A81DF6312ACC996300729D2A /* UserViewModel.swift in Sources */ = {isa = PBXBuildFile; fileRef = A81DF6302ACC996300729D2A /* UserViewModel.swift */; };
		A81DF6332ACC997000729D2A /* HabitViewModel.swift in Sources */ = {isa = PBXBuildFile; fileRef = A81DF6322ACC997000729D2A /* HabitViewModel.swift */; };
		A81DF6352ACCA5E800729D2A /* HomeView.swift in Sources */ = {isa = PBXBuildFile; fileRef = A81DF6342ACCA5E800729D2A /* HomeView.swift */; };
		A81DF6392ACCB66C00729D2A /* SnackbarService.swift in Sources */ = {isa = PBXBuildFile; fileRef = A81DF6382ACCB66C00729D2A /* SnackbarService.swift */; };
		A81DF63C2ACCB74300729D2A /* SnackbarView.swift in Sources */ = {isa = PBXBuildFile; fileRef = A81DF63B2ACCB74300729D2A /* SnackbarView.swift */; };
		A81DF63E2ACD799A00729D2A /* PaginatedData.swift in Sources */ = {isa = PBXBuildFile; fileRef = A81DF63D2ACD799900729D2A /* PaginatedData.swift */; };
		A84ABC312ACB60CB0005A873 /* Database.swift in Sources */ = {isa = PBXBuildFile; fileRef = A84ABC302ACB60CB0005A873 /* Database.swift */; };
		A8743FA72AC8837F0084FFDF /* appwrite_hacktoberfestApp.swift in Sources */ = {isa = PBXBuildFile; fileRef = A8743FA62AC8837F0084FFDF /* appwrite_hacktoberfestApp.swift */; };
		A8743FA92AC8837F0084FFDF /* ContentView.swift in Sources */ = {isa = PBXBuildFile; fileRef = A8743FA82AC8837F0084FFDF /* ContentView.swift */; };
		A8743FAB2AC883800084FFDF /* Assets.xcassets in Resources */ = {isa = PBXBuildFile; fileRef = A8743FAA2AC883800084FFDF /* Assets.xcassets */; };
		A8743FAE2AC883800084FFDF /* Preview Assets.xcassets in Resources */ = {isa = PBXBuildFile; fileRef = A8743FAD2AC883800084FFDF /* Preview Assets.xcassets */; };
		A8D7C04F2ACDF65300A4AB31 /* UpdateHabitView.swift in Sources */ = {isa = PBXBuildFile; fileRef = A8D7C04E2ACDF65300A4AB31 /* UpdateHabitView.swift */; };
/* End PBXBuildFile section */

/* Begin PBXFileReference section */
		A80FEBBA2ACAB61000C48A92 /* Router.swift */ = {isa = PBXFileReference; lastKnownFileType = sourcecode.swift; path = Router.swift; sourceTree = "<group>"; };
		A80FEBBE2ACAB79500C48A92 /* HomeScreen.swift */ = {isa = PBXFileReference; lastKnownFileType = sourcecode.swift; path = HomeScreen.swift; sourceTree = "<group>"; };
		A80FEBC02ACAB9E700C48A92 /* ProgressScreen.swift */ = {isa = PBXFileReference; lastKnownFileType = sourcecode.swift; path = ProgressScreen.swift; sourceTree = "<group>"; };
		A80FEBC22ACAB9F200C48A92 /* SettingScreen.swift */ = {isa = PBXFileReference; lastKnownFileType = sourcecode.swift; path = SettingScreen.swift; sourceTree = "<group>"; };
		A80FEBC62ACABA9400C48A92 /* AuthScreen.swift */ = {isa = PBXFileReference; lastKnownFileType = sourcecode.swift; path = AuthScreen.swift; sourceTree = "<group>"; };
		A80FEBC92ACABEAA00C48A92 /* DateFilterView.swift */ = {isa = PBXFileReference; lastKnownFileType = sourcecode.swift; path = DateFilterView.swift; sourceTree = "<group>"; };
		A80FEBCB2ACAC16500C48A92 /* HabitCellView.swift */ = {isa = PBXFileReference; lastKnownFileType = sourcecode.swift; path = HabitCellView.swift; sourceTree = "<group>"; };
		A80FEBCF2ACAD00D00C48A92 /* AddHabitScreen.swift */ = {isa = PBXFileReference; lastKnownFileType = sourcecode.swift; path = AddHabitScreen.swift; sourceTree = "<group>"; };
		A80FEBD12ACADD9500C48A92 /* Theme.swift */ = {isa = PBXFileReference; lastKnownFileType = sourcecode.swift; path = Theme.swift; sourceTree = "<group>"; };
		A80FEBD62ACAE5B900C48A92 /* HabitModel.swift */ = {isa = PBXFileReference; lastKnownFileType = sourcecode.swift; path = HabitModel.swift; sourceTree = "<group>"; };
		A80FEBDB2ACAE72D00C48A92 /* Info.plist */ = {isa = PBXFileReference; lastKnownFileType = text.plist; path = Info.plist; sourceTree = "<group>"; };
		A80FEBDD2ACAEB0200C48A92 /* AppwriteService.swift */ = {isa = PBXFileReference; lastKnownFileType = sourcecode.swift; path = AppwriteService.swift; sourceTree = "<group>"; };
		A81DF6302ACC996300729D2A /* UserViewModel.swift */ = {isa = PBXFileReference; lastKnownFileType = sourcecode.swift; path = UserViewModel.swift; sourceTree = "<group>"; };
		A81DF6322ACC997000729D2A /* HabitViewModel.swift */ = {isa = PBXFileReference; lastKnownFileType = sourcecode.swift; path = HabitViewModel.swift; sourceTree = "<group>"; };
		A81DF6342ACCA5E800729D2A /* HomeView.swift */ = {isa = PBXFileReference; lastKnownFileType = sourcecode.swift; path = HomeView.swift; sourceTree = "<group>"; };
		A81DF6382ACCB66C00729D2A /* SnackbarService.swift */ = {isa = PBXFileReference; lastKnownFileType = sourcecode.swift; path = SnackbarService.swift; sourceTree = "<group>"; };
		A81DF63B2ACCB74300729D2A /* SnackbarView.swift */ = {isa = PBXFileReference; lastKnownFileType = sourcecode.swift; path = SnackbarView.swift; sourceTree = "<group>"; };
		A81DF63D2ACD799900729D2A /* PaginatedData.swift */ = {isa = PBXFileReference; lastKnownFileType = sourcecode.swift; path = PaginatedData.swift; sourceTree = "<group>"; };
		A84ABC302ACB60CB0005A873 /* Database.swift */ = {isa = PBXFileReference; lastKnownFileType = sourcecode.swift; path = Database.swift; sourceTree = "<group>"; };
		A8743FA32AC8837F0084FFDF /* appwrite-hacktoberfest.app */ = {isa = PBXFileReference; explicitFileType = wrapper.application; includeInIndex = 0; path = "appwrite-hacktoberfest.app"; sourceTree = BUILT_PRODUCTS_DIR; };
		A8743FA62AC8837F0084FFDF /* appwrite_hacktoberfestApp.swift */ = {isa = PBXFileReference; lastKnownFileType = sourcecode.swift; path = appwrite_hacktoberfestApp.swift; sourceTree = "<group>"; };
		A8743FA82AC8837F0084FFDF /* ContentView.swift */ = {isa = PBXFileReference; lastKnownFileType = sourcecode.swift; path = ContentView.swift; sourceTree = "<group>"; };
		A8743FAA2AC883800084FFDF /* Assets.xcassets */ = {isa = PBXFileReference; lastKnownFileType = folder.assetcatalog; path = Assets.xcassets; sourceTree = "<group>"; };
		A8743FAD2AC883800084FFDF /* Preview Assets.xcassets */ = {isa = PBXFileReference; lastKnownFileType = folder.assetcatalog; path = "Preview Assets.xcassets"; sourceTree = "<group>"; };
		A8D7C04E2ACDF65300A4AB31 /* UpdateHabitView.swift */ = {isa = PBXFileReference; lastKnownFileType = sourcecode.swift; path = UpdateHabitView.swift; sourceTree = "<group>"; };
/* End PBXFileReference section */

/* Begin PBXFrameworksBuildPhase section */
		A8743FA02AC8837F0084FFDF /* Frameworks */ = {
			isa = PBXFrameworksBuildPhase;
			buildActionMask = 2147483647;
			files = (
				A80FEBDA2ACAE6C000C48A92 /* Appwrite in Frameworks */,
			);
			runOnlyForDeploymentPostprocessing = 0;
		};
/* End PBXFrameworksBuildPhase section */

/* Begin PBXGroup section */
		A80FEBBC2ACAB76A00C48A92 /* Home */ = {
			isa = PBXGroup;
			children = (
				A81DF62F2ACC994700729D2A /* ViewModels */,
				A80FEBC82ACABE8000C48A92 /* Components */,
				A80FEBBD2ACAB77C00C48A92 /* View */,
			);
			path = Home;
			sourceTree = "<group>";
		};
		A80FEBBD2ACAB77C00C48A92 /* View */ = {
			isa = PBXGroup;
			children = (
				A80FEBBE2ACAB79500C48A92 /* HomeScreen.swift */,
				A80FEBC02ACAB9E700C48A92 /* ProgressScreen.swift */,
				A80FEBC22ACAB9F200C48A92 /* SettingScreen.swift */,
				A81DF6342ACCA5E800729D2A /* HomeView.swift */,
			);
			path = View;
			sourceTree = "<group>";
		};
		A80FEBC42ACABA7600C48A92 /* Auth */ = {
			isa = PBXGroup;
			children = (
				A80FEBC52ACABA8200C48A92 /* View */,
			);
			path = Auth;
			sourceTree = "<group>";
		};
		A80FEBC52ACABA8200C48A92 /* View */ = {
			isa = PBXGroup;
			children = (
				A80FEBC62ACABA9400C48A92 /* AuthScreen.swift */,
			);
			path = View;
			sourceTree = "<group>";
		};
		A80FEBC82ACABE8000C48A92 /* Components */ = {
			isa = PBXGroup;
			children = (
				A80FEBC92ACABEAA00C48A92 /* DateFilterView.swift */,
				A80FEBCB2ACAC16500C48A92 /* HabitCellView.swift */,
				A8D7C04E2ACDF65300A4AB31 /* UpdateHabitView.swift */,
			);
			path = Components;
			sourceTree = "<group>";
		};
		A80FEBCD2ACACFEA00C48A92 /* Habit */ = {
			isa = PBXGroup;
			children = (
				A80FEBCE2ACACFF900C48A92 /* View */,
			);
			path = Habit;
			sourceTree = "<group>";
		};
		A80FEBCE2ACACFF900C48A92 /* View */ = {
			isa = PBXGroup;
			children = (
				A80FEBCF2ACAD00D00C48A92 /* AddHabitScreen.swift */,
			);
			path = View;
			sourceTree = "<group>";
		};
		A80FEBD32ACAE32300C48A92 /* Shared */ = {
			isa = PBXGroup;
			children = (
				A81DF63A2ACCB73100729D2A /* Views */,
				A84ABC2F2ACB60B80005A873 /* Constant */,
				A80FEBDC2ACAEAEF00C48A92 /* Services */,
				A80FEBD42ACAE59B00C48A92 /* Models */,
			);
			path = Shared;
			sourceTree = "<group>";
		};
		A80FEBD42ACAE59B00C48A92 /* Models */ = {
			isa = PBXGroup;
			children = (
				A80FEBD62ACAE5B900C48A92 /* HabitModel.swift */,
				A81DF63D2ACD799900729D2A /* PaginatedData.swift */,
			);
			path = Models;
			sourceTree = "<group>";
		};
		A80FEBDC2ACAEAEF00C48A92 /* Services */ = {
			isa = PBXGroup;
			children = (
				A80FEBDD2ACAEB0200C48A92 /* AppwriteService.swift */,
				A81DF6382ACCB66C00729D2A /* SnackbarService.swift */,
			);
			path = Services;
			sourceTree = "<group>";
		};
		A81DF62F2ACC994700729D2A /* ViewModels */ = {
			isa = PBXGroup;
			children = (
				A81DF6302ACC996300729D2A /* UserViewModel.swift */,
				A81DF6322ACC997000729D2A /* HabitViewModel.swift */,
			);
			path = ViewModels;
			sourceTree = "<group>";
		};
		A81DF63A2ACCB73100729D2A /* Views */ = {
			isa = PBXGroup;
			children = (
				A81DF63B2ACCB74300729D2A /* SnackbarView.swift */,
			);
			path = Views;
			sourceTree = "<group>";
		};
		A84ABC2F2ACB60B80005A873 /* Constant */ = {
			isa = PBXGroup;
			children = (
				A84ABC302ACB60CB0005A873 /* Database.swift */,
			);
			path = Constant;
			sourceTree = "<group>";
		};
		A8743F9A2AC8837F0084FFDF = {
			isa = PBXGroup;
			children = (
				A8743FA52AC8837F0084FFDF /* appwrite-hacktoberfest */,
				A8743FA42AC8837F0084FFDF /* Products */,
			);
			sourceTree = "<group>";
		};
		A8743FA42AC8837F0084FFDF /* Products */ = {
			isa = PBXGroup;
			children = (
				A8743FA32AC8837F0084FFDF /* appwrite-hacktoberfest.app */,
			);
			name = Products;
			sourceTree = "<group>";
		};
		A8743FA52AC8837F0084FFDF /* appwrite-hacktoberfest */ = {
			isa = PBXGroup;
			children = (
				A80FEBDB2ACAE72D00C48A92 /* Info.plist */,
				A80FEBD32ACAE32300C48A92 /* Shared */,
				A80FEBCD2ACACFEA00C48A92 /* Habit */,
				A80FEBC42ACABA7600C48A92 /* Auth */,
				A80FEBBC2ACAB76A00C48A92 /* Home */,
				A80FEBBA2ACAB61000C48A92 /* Router.swift */,
				A80FEBD12ACADD9500C48A92 /* Theme.swift */,
				A8743FA62AC8837F0084FFDF /* appwrite_hacktoberfestApp.swift */,
				A8743FA82AC8837F0084FFDF /* ContentView.swift */,
				A8743FAA2AC883800084FFDF /* Assets.xcassets */,
				A8743FAC2AC883800084FFDF /* Preview Content */,
			);
			path = "appwrite-hacktoberfest";
			sourceTree = "<group>";
		};
		A8743FAC2AC883800084FFDF /* Preview Content */ = {
			isa = PBXGroup;
			children = (
				A8743FAD2AC883800084FFDF /* Preview Assets.xcassets */,
			);
			path = "Preview Content";
			sourceTree = "<group>";
		};
/* End PBXGroup section */

/* Begin PBXNativeTarget section */
		A8743FA22AC8837F0084FFDF /* appwrite-hacktoberfest */ = {
			isa = PBXNativeTarget;
			buildConfigurationList = A8743FB12AC883800084FFDF /* Build configuration list for PBXNativeTarget "appwrite-hacktoberfest" */;
			buildPhases = (
				A8743F9F2AC8837F0084FFDF /* Sources */,
				A8743FA02AC8837F0084FFDF /* Frameworks */,
				A8743FA12AC8837F0084FFDF /* Resources */,
			);
			buildRules = (
			);
			dependencies = (
			);
			name = "appwrite-hacktoberfest";
			packageProductDependencies = (
				A80FEBD92ACAE6C000C48A92 /* Appwrite */,
			);
			productName = "appwrite-hacktoberfest";
			productReference = A8743FA32AC8837F0084FFDF /* appwrite-hacktoberfest.app */;
			productType = "com.apple.product-type.application";
		};
/* End PBXNativeTarget section */

/* Begin PBXProject section */
		A8743F9B2AC8837F0084FFDF /* Project object */ = {
			isa = PBXProject;
			attributes = {
				BuildIndependentTargetsInParallel = 1;
				LastSwiftUpdateCheck = 1500;
				LastUpgradeCheck = 1500;
				TargetAttributes = {
					A8743FA22AC8837F0084FFDF = {
						CreatedOnToolsVersion = 15.0;
					};
				};
			};
			buildConfigurationList = A8743F9E2AC8837F0084FFDF /* Build configuration list for PBXProject "appwrite-hacktoberfest" */;
			compatibilityVersion = "Xcode 14.0";
			developmentRegion = en;
			hasScannedForEncodings = 0;
			knownRegions = (
				en,
				Base,
			);
			mainGroup = A8743F9A2AC8837F0084FFDF;
			packageReferences = (
				A80FEBD82ACAE6C000C48A92 /* XCRemoteSwiftPackageReference "sdk-for-apple" */,
			);
			productRefGroup = A8743FA42AC8837F0084FFDF /* Products */;
			projectDirPath = "";
			projectRoot = "";
			targets = (
				A8743FA22AC8837F0084FFDF /* appwrite-hacktoberfest */,
			);
		};
/* End PBXProject section */

/* Begin PBXResourcesBuildPhase section */
		A8743FA12AC8837F0084FFDF /* Resources */ = {
			isa = PBXResourcesBuildPhase;
			buildActionMask = 2147483647;
			files = (
				A8743FAE2AC883800084FFDF /* Preview Assets.xcassets in Resources */,
				A8743FAB2AC883800084FFDF /* Assets.xcassets in Resources */,
			);
			runOnlyForDeploymentPostprocessing = 0;
		};
/* End PBXResourcesBuildPhase section */

/* Begin PBXSourcesBuildPhase section */
		A8743F9F2AC8837F0084FFDF /* Sources */ = {
			isa = PBXSourcesBuildPhase;
			buildActionMask = 2147483647;
			files = (
				A80FEBD72ACAE5B900C48A92 /* HabitModel.swift in Sources */,
				A81DF63E2ACD799A00729D2A /* PaginatedData.swift in Sources */,
				A80FEBCC2ACAC16500C48A92 /* HabitCellView.swift in Sources */,
				A81DF6392ACCB66C00729D2A /* SnackbarService.swift in Sources */,
				A80FEBC72ACABA9400C48A92 /* AuthScreen.swift in Sources */,
				A81DF6332ACC997000729D2A /* HabitViewModel.swift in Sources */,
				A80FEBC32ACAB9F200C48A92 /* SettingScreen.swift in Sources */,
				A81DF6352ACCA5E800729D2A /* HomeView.swift in Sources */,
				A80FEBC12ACAB9E700C48A92 /* ProgressScreen.swift in Sources */,
				A80FEBD22ACADD9500C48A92 /* Theme.swift in Sources */,
				A80FEBBF2ACAB79500C48A92 /* HomeScreen.swift in Sources */,
				A8743FA92AC8837F0084FFDF /* ContentView.swift in Sources */,
				A80FEBBB2ACAB61000C48A92 /* Router.swift in Sources */,
				A80FEBDE2ACAEB0200C48A92 /* AppwriteService.swift in Sources */,
				A8D7C04F2ACDF65300A4AB31 /* UpdateHabitView.swift in Sources */,
				A80FEBCA2ACABEAA00C48A92 /* DateFilterView.swift in Sources */,
				A81DF63C2ACCB74300729D2A /* SnackbarView.swift in Sources */,
				A80FEBD02ACAD00D00C48A92 /* AddHabitScreen.swift in Sources */,
				A84ABC312ACB60CB0005A873 /* Database.swift in Sources */,
				A81DF6312ACC996300729D2A /* UserViewModel.swift in Sources */,
				A8743FA72AC8837F0084FFDF /* appwrite_hacktoberfestApp.swift in Sources */,
			);
			runOnlyForDeploymentPostprocessing = 0;
		};
/* End PBXSourcesBuildPhase section */

/* Begin XCBuildConfiguration section */
		A8743FAF2AC883800084FFDF /* Debug */ = {
			isa = XCBuildConfiguration;
			buildSettings = {
				ALWAYS_SEARCH_USER_PATHS = NO;
				ASSETCATALOG_COMPILER_GENERATE_SWIFT_ASSET_SYMBOL_EXTENSIONS = YES;
				CLANG_ANALYZER_NONNULL = YES;
				CLANG_ANALYZER_NUMBER_OBJECT_CONVERSION = YES_AGGRESSIVE;
				CLANG_CXX_LANGUAGE_STANDARD = "gnu++20";
				CLANG_ENABLE_MODULES = YES;
				CLANG_ENABLE_OBJC_ARC = YES;
				CLANG_ENABLE_OBJC_WEAK = YES;
				CLANG_WARN_BLOCK_CAPTURE_AUTORELEASING = YES;
				CLANG_WARN_BOOL_CONVERSION = YES;
				CLANG_WARN_COMMA = YES;
				CLANG_WARN_CONSTANT_CONVERSION = YES;
				CLANG_WARN_DEPRECATED_OBJC_IMPLEMENTATIONS = YES;
				CLANG_WARN_DIRECT_OBJC_ISA_USAGE = YES_ERROR;
				CLANG_WARN_DOCUMENTATION_COMMENTS = YES;
				CLANG_WARN_EMPTY_BODY = YES;
				CLANG_WARN_ENUM_CONVERSION = YES;
				CLANG_WARN_INFINITE_RECURSION = YES;
				CLANG_WARN_INT_CONVERSION = YES;
				CLANG_WARN_NON_LITERAL_NULL_CONVERSION = YES;
				CLANG_WARN_OBJC_IMPLICIT_RETAIN_SELF = YES;
				CLANG_WARN_OBJC_LITERAL_CONVERSION = YES;
				CLANG_WARN_OBJC_ROOT_CLASS = YES_ERROR;
				CLANG_WARN_QUOTED_INCLUDE_IN_FRAMEWORK_HEADER = YES;
				CLANG_WARN_RANGE_LOOP_ANALYSIS = YES;
				CLANG_WARN_STRICT_PROTOTYPES = YES;
				CLANG_WARN_SUSPICIOUS_MOVE = YES;
				CLANG_WARN_UNGUARDED_AVAILABILITY = YES_AGGRESSIVE;
				CLANG_WARN_UNREACHABLE_CODE = YES;
				CLANG_WARN__DUPLICATE_METHOD_MATCH = YES;
				COPY_PHASE_STRIP = NO;
				DEBUG_INFORMATION_FORMAT = dwarf;
				ENABLE_STRICT_OBJC_MSGSEND = YES;
				ENABLE_TESTABILITY = YES;
				ENABLE_USER_SCRIPT_SANDBOXING = YES;
				GCC_C_LANGUAGE_STANDARD = gnu17;
				GCC_DYNAMIC_NO_PIC = NO;
				GCC_NO_COMMON_BLOCKS = YES;
				GCC_OPTIMIZATION_LEVEL = 0;
				GCC_PREPROCESSOR_DEFINITIONS = (
					"DEBUG=1",
					"$(inherited)",
				);
				GCC_WARN_64_TO_32_BIT_CONVERSION = YES;
				GCC_WARN_ABOUT_RETURN_TYPE = YES_ERROR;
				GCC_WARN_UNDECLARED_SELECTOR = YES;
				GCC_WARN_UNINITIALIZED_AUTOS = YES_AGGRESSIVE;
				GCC_WARN_UNUSED_FUNCTION = YES;
				GCC_WARN_UNUSED_VARIABLE = YES;
				IPHONEOS_DEPLOYMENT_TARGET = 17.0;
				LOCALIZATION_PREFERS_STRING_CATALOGS = YES;
				MTL_ENABLE_DEBUG_INFO = INCLUDE_SOURCE;
				MTL_FAST_MATH = YES;
				ONLY_ACTIVE_ARCH = YES;
				SDKROOT = iphoneos;
				SWIFT_ACTIVE_COMPILATION_CONDITIONS = "DEBUG $(inherited)";
				SWIFT_OPTIMIZATION_LEVEL = "-Onone";
			};
			name = Debug;
		};
		A8743FB02AC883800084FFDF /* Release */ = {
			isa = XCBuildConfiguration;
			buildSettings = {
				ALWAYS_SEARCH_USER_PATHS = NO;
				ASSETCATALOG_COMPILER_GENERATE_SWIFT_ASSET_SYMBOL_EXTENSIONS = YES;
				CLANG_ANALYZER_NONNULL = YES;
				CLANG_ANALYZER_NUMBER_OBJECT_CONVERSION = YES_AGGRESSIVE;
				CLANG_CXX_LANGUAGE_STANDARD = "gnu++20";
				CLANG_ENABLE_MODULES = YES;
				CLANG_ENABLE_OBJC_ARC = YES;
				CLANG_ENABLE_OBJC_WEAK = YES;
				CLANG_WARN_BLOCK_CAPTURE_AUTORELEASING = YES;
				CLANG_WARN_BOOL_CONVERSION = YES;
				CLANG_WARN_COMMA = YES;
				CLANG_WARN_CONSTANT_CONVERSION = YES;
				CLANG_WARN_DEPRECATED_OBJC_IMPLEMENTATIONS = YES;
				CLANG_WARN_DIRECT_OBJC_ISA_USAGE = YES_ERROR;
				CLANG_WARN_DOCUMENTATION_COMMENTS = YES;
				CLANG_WARN_EMPTY_BODY = YES;
				CLANG_WARN_ENUM_CONVERSION = YES;
				CLANG_WARN_INFINITE_RECURSION = YES;
				CLANG_WARN_INT_CONVERSION = YES;
				CLANG_WARN_NON_LITERAL_NULL_CONVERSION = YES;
				CLANG_WARN_OBJC_IMPLICIT_RETAIN_SELF = YES;
				CLANG_WARN_OBJC_LITERAL_CONVERSION = YES;
				CLANG_WARN_OBJC_ROOT_CLASS = YES_ERROR;
				CLANG_WARN_QUOTED_INCLUDE_IN_FRAMEWORK_HEADER = YES;
				CLANG_WARN_RANGE_LOOP_ANALYSIS = YES;
				CLANG_WARN_STRICT_PROTOTYPES = YES;
				CLANG_WARN_SUSPICIOUS_MOVE = YES;
				CLANG_WARN_UNGUARDED_AVAILABILITY = YES_AGGRESSIVE;
				CLANG_WARN_UNREACHABLE_CODE = YES;
				CLANG_WARN__DUPLICATE_METHOD_MATCH = YES;
				COPY_PHASE_STRIP = NO;
				DEBUG_INFORMATION_FORMAT = "dwarf-with-dsym";
				ENABLE_NS_ASSERTIONS = NO;
				ENABLE_STRICT_OBJC_MSGSEND = YES;
				ENABLE_USER_SCRIPT_SANDBOXING = YES;
				GCC_C_LANGUAGE_STANDARD = gnu17;
				GCC_NO_COMMON_BLOCKS = YES;
				GCC_WARN_64_TO_32_BIT_CONVERSION = YES;
				GCC_WARN_ABOUT_RETURN_TYPE = YES_ERROR;
				GCC_WARN_UNDECLARED_SELECTOR = YES;
				GCC_WARN_UNINITIALIZED_AUTOS = YES_AGGRESSIVE;
				GCC_WARN_UNUSED_FUNCTION = YES;
				GCC_WARN_UNUSED_VARIABLE = YES;
				IPHONEOS_DEPLOYMENT_TARGET = 17.0;
				LOCALIZATION_PREFERS_STRING_CATALOGS = YES;
				MTL_ENABLE_DEBUG_INFO = NO;
				MTL_FAST_MATH = YES;
				SDKROOT = iphoneos;
				SWIFT_COMPILATION_MODE = wholemodule;
				VALIDATE_PRODUCT = YES;
			};
			name = Release;
		};
		A8743FB22AC883800084FFDF /* Debug */ = {
			isa = XCBuildConfiguration;
			buildSettings = {
				ASSETCATALOG_COMPILER_APPICON_NAME = AppIcon;
				ASSETCATALOG_COMPILER_GLOBAL_ACCENT_COLOR_NAME = AccentColor;
				CODE_SIGN_STYLE = Automatic;
				CURRENT_PROJECT_VERSION = 1;
				DEVELOPMENT_ASSET_PATHS = "\"appwrite-hacktoberfest/Preview Content\"";
				ENABLE_PREVIEWS = YES;
				GENERATE_INFOPLIST_FILE = YES;
				INFOPLIST_FILE = "appwrite-hacktoberfest/Info.plist";
				INFOPLIST_KEY_UIApplicationSceneManifest_Generation = YES;
				INFOPLIST_KEY_UIApplicationSupportsIndirectInputEvents = YES;
				INFOPLIST_KEY_UILaunchScreen_Generation = YES;
				INFOPLIST_KEY_UISupportedInterfaceOrientations_iPad = "UIInterfaceOrientationPortrait UIInterfaceOrientationPortraitUpsideDown UIInterfaceOrientationLandscapeLeft UIInterfaceOrientationLandscapeRight";
				INFOPLIST_KEY_UISupportedInterfaceOrientations_iPhone = "UIInterfaceOrientationPortrait UIInterfaceOrientationLandscapeLeft UIInterfaceOrientationLandscapeRight";
				LD_RUNPATH_SEARCH_PATHS = (
					"$(inherited)",
					"@executable_path/Frameworks",
				);
				MARKETING_VERSION = 1.0;
				PRODUCT_BUNDLE_IDENTIFIER = "app.mujhtech.appwrite-hacktoberfest";
				PRODUCT_NAME = "$(TARGET_NAME)";
				SWIFT_EMIT_LOC_STRINGS = YES;
				SWIFT_VERSION = 5.0;
				TARGETED_DEVICE_FAMILY = "1,2";
			};
			name = Debug;
		};
		A8743FB32AC883800084FFDF /* Release */ = {
			isa = XCBuildConfiguration;
			buildSettings = {
				ASSETCATALOG_COMPILER_APPICON_NAME = AppIcon;
				ASSETCATALOG_COMPILER_GLOBAL_ACCENT_COLOR_NAME = AccentColor;
				CODE_SIGN_STYLE = Automatic;
				CURRENT_PROJECT_VERSION = 1;
				DEVELOPMENT_ASSET_PATHS = "\"appwrite-hacktoberfest/Preview Content\"";
				ENABLE_PREVIEWS = YES;
				GENERATE_INFOPLIST_FILE = YES;
				INFOPLIST_FILE = "appwrite-hacktoberfest/Info.plist";
				INFOPLIST_KEY_UIApplicationSceneManifest_Generation = YES;
				INFOPLIST_KEY_UIApplicationSupportsIndirectInputEvents = YES;
				INFOPLIST_KEY_UILaunchScreen_Generation = YES;
				INFOPLIST_KEY_UISupportedInterfaceOrientations_iPad = "UIInterfaceOrientationPortrait UIInterfaceOrientationPortraitUpsideDown UIInterfaceOrientationLandscapeLeft UIInterfaceOrientationLandscapeRight";
				INFOPLIST_KEY_UISupportedInterfaceOrientations_iPhone = "UIInterfaceOrientationPortrait UIInterfaceOrientationLandscapeLeft UIInterfaceOrientationLandscapeRight";
				LD_RUNPATH_SEARCH_PATHS = (
					"$(inherited)",
					"@executable_path/Frameworks",
				);
				MARKETING_VERSION = 1.0;
				PRODUCT_BUNDLE_IDENTIFIER = "app.mujhtech.appwrite-hacktoberfest";
				PRODUCT_NAME = "$(TARGET_NAME)";
				SWIFT_EMIT_LOC_STRINGS = YES;
				SWIFT_VERSION = 5.0;
				TARGETED_DEVICE_FAMILY = "1,2";
			};
			name = Release;
		};
/* End XCBuildConfiguration section */

/* Begin XCConfigurationList section */
		A8743F9E2AC8837F0084FFDF /* Build configuration list for PBXProject "appwrite-hacktoberfest" */ = {
			isa = XCConfigurationList;
			buildConfigurations = (
				A8743FAF2AC883800084FFDF /* Debug */,
				A8743FB02AC883800084FFDF /* Release */,
			);
			defaultConfigurationIsVisible = 0;
			defaultConfigurationName = Release;
		};
		A8743FB12AC883800084FFDF /* Build configuration list for PBXNativeTarget "appwrite-hacktoberfest" */ = {
			isa = XCConfigurationList;
			buildConfigurations = (
				A8743FB22AC883800084FFDF /* Debug */,
				A8743FB32AC883800084FFDF /* Release */,
			);
			defaultConfigurationIsVisible = 0;
			defaultConfigurationName = Release;
		};
/* End XCConfigurationList section */

/* Begin XCRemoteSwiftPackageReference section */
		A80FEBD82ACAE6C000C48A92 /* XCRemoteSwiftPackageReference "sdk-for-apple" */ = {
			isa = XCRemoteSwiftPackageReference;
			repositoryURL = "https://github.com/appwrite/sdk-for-apple";
			requirement = {
				kind = upToNextMajorVersion;
				minimumVersion = 4.0.1;
			};
		};
/* End XCRemoteSwiftPackageReference section */

/* Begin XCSwiftPackageProductDependency section */
		A80FEBD92ACAE6C000C48A92 /* Appwrite */ = {
			isa = XCSwiftPackageProductDependency;
			package = A80FEBD82ACAE6C000C48A92 /* XCRemoteSwiftPackageReference "sdk-for-apple" */;
			productName = Appwrite;
		};
/* End XCSwiftPackageProductDependency section */
	};
	rootObject = A8743F9B2AC8837F0084FFDF /* Project object */;
}
